<?xml version="1.0" encoding="utf-8"?>
<Project ToolsVersion="4.0" xmlns="http://schemas.microsoft.com/developer/msbuild/2003">
  <ItemGroup>
    <Filter Include="Min">
      <UniqueIdentifier>{6908880B-D511-887C-5E8D-9E7CCA95937C}</UniqueIdentifier>
    </Filter>
    <Filter Include="Min\Events">
      <UniqueIdentifier>{2D04A583-19BC-E6D0-82C3-BF2C6E9A81C1}</UniqueIdentifier>
    </Filter>
  </ItemGroup>
  <ItemGroup>
    <ClInclude Include="src\Min.h" />
    <ClInclude Include="src\Min\Application.h">
      <Filter>Min</Filter>
    </ClInclude>
    <ClInclude Include="src\Min\Core.h">
      <Filter>Min</Filter>
    </ClInclude>
    <ClInclude Include="src\Min\EntryPoint.h">
      <Filter>Min</Filter>
    </ClInclude>
    <ClInclude Include="src\Min\Events\ApplicationEvent.h">
      <Filter>Min\Events</Filter>
    </ClInclude>
    <ClInclude Include="src\Min\Events\Event.h">
      <Filter>Min\Events</Filter>
    </ClInclude>
    <ClInclude Include="src\Min\Events\KeyEvent.h">
      <Filter>Min\Events</Filter>
    </ClInclude>
    <ClInclude Include="src\Min\Events\MouseEvent.h">
      <Filter>Min\Events</Filter>
    </ClInclude>
    <ClInclude Include="src\Min\KeyCodes.h">
      <Filter>Min</Filter>
    </ClInclude>
    <ClInclude Include="src\Min\Log.h">
      <Filter>Min</Filter>
    </ClInclude>
    <ClInclude Include="src\Min\MouseCodes.h">
      <Filter>Min</Filter>
    </ClInclude>
    <ClInclude Include="src\mnpch.h" />
  </ItemGroup>
  <ItemGroup>
    <ClCompile Include="src\Min\Application.cpp">
      <Filter>Min</Filter>
    </ClCompile>
    <ClCompile Include="src\Min\Log.cpp">
      <Filter>Min</Filter>
    </ClCompile>
    <ClCompile Include="src\mnpch.cpp" />
  </ItemGroup>
</Project>